
Microsoft Visual Studio Solution File, Format Version 12.00
Project("{FAE04EC0-301F-11D3-BF4B-00C04F79EFBC}") = "GP24-102-CSharp-Basic", "GP24-102-CSharp-Basic\GP24-102-CSharp-Basic.csproj", "{84A6297A-AECE-494A-99D3-95BC29B43527}"
EndProject
Project("{FAE04EC0-301F-11D3-BF4B-00C04F79EFBC}") = "P2CodeExecution", "P2CodeExecution\P2CodeExecution.csproj", "{7DB45E28-D2F0-493E-87F3-CF68B1265BBB}"
EndProject
Global
	GlobalSection(SolutionConfigurationPlatforms) = preSolution
		Debug|Any CPU = Debug|Any CPU
		Release|Any CPU = Release|Any CPU
	EndGlobalSection
	GlobalSection(ProjectConfigurationPlatforms) = postSolution
		{84A6297A-AECE-494A-99D3-95BC29B43527}.Debug|Any CPU.ActiveCfg = Debug|Any CPU
		{84A6297A-AECE-494A-99D3-95BC29B43527}.Debug|Any CPU.Build.0 = Debug|Any CPU
		{84A6297A-AECE-494A-99D3-95BC29B43527}.Release|Any CPU.ActiveCfg = Release|Any CPU
		{84A6297A-AECE-494A-99D3-95BC29B43527}.Release|Any CPU.Build.0 = Release|Any CPU
		{7DB45E28-D2F0-493E-87F3-CF68B1265BBB}.Debug|Any CPU.ActiveCfg = Debug|Any CPU
		{7DB45E28-D2F0-493E-87F3-CF68B1265BBB}.Debug|Any CPU.Build.0 = Debug|Any CPU
		{7DB45E28-D2F0-493E-87F3-CF68B1265BBB}.Release|Any CPU.ActiveCfg = Release|Any CPU
		{7DB45E28-D2F0-493E-87F3-CF68B1265BBB}.Release|Any CPU.Build.0 = Release|Any CPU
	EndGlobalSection
EndGlobal
