
Microsoft Visual Studio Solution File, Format Version 12.00
Project("{FAE04EC0-301F-11D3-BF4B-00C04F79EFBC}") = "GP24-102-CSharp-Basic", "GP24-102-CSharp-Basic\GP24-102-CSharp-Basic.csproj", "{84A6297A-AECE-494A-99D3-95BC29B43527}"
EndProject
Project("{FAE04EC0-301F-11D3-BF4B-00C04F79EFBC}") = "P2CodeExecution", "P2CodeExecution\P2CodeExecution.csproj", "{7DB45E28-D2F0-493E-87F3-CF68B1265BBB}"
EndProject
Project("{FAE04EC0-301F-11D3-BF4B-00C04F79EFBC}") = "P3PrintingOutput", "P3PrintingOutput\P3PrintingOutput.csproj", "{44EE2E09-5824-4953-B9AC-F3D597D77061}"
EndProject
Project("{FAE04EC0-301F-11D3-BF4B-00C04F79EFBC}") = "P4Comments", "P4Comments\P4Comments.csproj", "{3C09524A-6242-478D-A590-1274BA36A982}"
EndProject
Project("{FAE04EC0-301F-11D3-BF4B-00C04F79EFBC}") = "P5Variables", "P5Variables\P5Variables.csproj", "{1F0F46E1-DF48-44EB-8A67-2C5EF384C4FC}"
EndProject
Project("{FAE04EC0-301F-11D3-BF4B-00C04F79EFBC}") = "P6DataTypes", "P6DataTypes\P6DataTypes.csproj", "{762F1198-E864-4F97-AC5C-D8169AF16E70}"
EndProject
Project("{FAE04EC0-301F-11D3-BF4B-00C04F79EFBC}") = "P7Input", "P7Input\P7Input.csproj", "{7EDB0D25-D877-4EF2-9293-F0674C38C825}"
EndProject
Project("{FAE04EC0-301F-11D3-BF4B-00C04F79EFBC}") = "P8Conversion", "P8Conversion\P8Conversion.csproj", "{8162EB8C-E215-4008-9BD9-D3D873F2AE54}"
EndProject
Project("{FAE04EC0-301F-11D3-BF4B-00C04F79EFBC}") = "P09Operators", "P09Operators\P09Operators.csproj", "{C82C106C-626A-484F-8AF6-80F0ACA3DDE7}"
EndProject
Project("{FAE04EC0-301F-11D3-BF4B-00C04F79EFBC}") = "P10Boolean", "P10Boolean\P10Boolean.csproj", "{2570445F-A0A7-4AAE-A4E3-FDBD579A2DF6}"
EndProject
Project("{FAE04EC0-301F-11D3-BF4B-00C04F79EFBC}") = "P11IfElseA", "P11IfElseA\P11IfElseA.csproj", "{11565564-2B7E-4C03-B9A7-82C510F1D433}"
EndProject
Project("{FAE04EC0-301F-11D3-BF4B-00C04F79EFBC}") = "P11IfElseB", "P11IfElseB\P11IfElseB.csproj", "{B9A63073-7FD5-4E41-9EB9-813FB09C7B4D}"
EndProject
Project("{FAE04EC0-301F-11D3-BF4B-00C04F79EFBC}") = "P11IfElseC", "P11IfElseC\P11IfElseC.csproj", "{6FEDED42-ED0D-48A7-999B-DB11FA30EC84}"
EndProject
Project("{FAE04EC0-301F-11D3-BF4B-00C04F79EFBC}") = "P11IfElseD", "P11IfElseD\P11IfElseD.csproj", "{9951AA65-441F-4C87-A8BA-4FD697EE7238}"
EndProject
Global
	GlobalSection(SolutionConfigurationPlatforms) = preSolution
		Debug|Any CPU = Debug|Any CPU
		Release|Any CPU = Release|Any CPU
	EndGlobalSection
	GlobalSection(ProjectConfigurationPlatforms) = postSolution
		{84A6297A-AECE-494A-99D3-95BC29B43527}.Debug|Any CPU.ActiveCfg = Debug|Any CPU
		{84A6297A-AECE-494A-99D3-95BC29B43527}.Debug|Any CPU.Build.0 = Debug|Any CPU
		{84A6297A-AECE-494A-99D3-95BC29B43527}.Release|Any CPU.ActiveCfg = Release|Any CPU
		{84A6297A-AECE-494A-99D3-95BC29B43527}.Release|Any CPU.Build.0 = Release|Any CPU
		{7DB45E28-D2F0-493E-87F3-CF68B1265BBB}.Debug|Any CPU.ActiveCfg = Debug|Any CPU
		{7DB45E28-D2F0-493E-87F3-CF68B1265BBB}.Debug|Any CPU.Build.0 = Debug|Any CPU
		{7DB45E28-D2F0-493E-87F3-CF68B1265BBB}.Release|Any CPU.ActiveCfg = Release|Any CPU
		{7DB45E28-D2F0-493E-87F3-CF68B1265BBB}.Release|Any CPU.Build.0 = Release|Any CPU
		{44EE2E09-5824-4953-B9AC-F3D597D77061}.Debug|Any CPU.ActiveCfg = Debug|Any CPU
		{44EE2E09-5824-4953-B9AC-F3D597D77061}.Debug|Any CPU.Build.0 = Debug|Any CPU
		{44EE2E09-5824-4953-B9AC-F3D597D77061}.Release|Any CPU.ActiveCfg = Release|Any CPU
		{44EE2E09-5824-4953-B9AC-F3D597D77061}.Release|Any CPU.Build.0 = Release|Any CPU
		{3C09524A-6242-478D-A590-1274BA36A982}.Debug|Any CPU.ActiveCfg = Debug|Any CPU
		{3C09524A-6242-478D-A590-1274BA36A982}.Debug|Any CPU.Build.0 = Debug|Any CPU
		{3C09524A-6242-478D-A590-1274BA36A982}.Release|Any CPU.ActiveCfg = Release|Any CPU
		{3C09524A-6242-478D-A590-1274BA36A982}.Release|Any CPU.Build.0 = Release|Any CPU
		{1F0F46E1-DF48-44EB-8A67-2C5EF384C4FC}.Debug|Any CPU.ActiveCfg = Debug|Any CPU
		{1F0F46E1-DF48-44EB-8A67-2C5EF384C4FC}.Debug|Any CPU.Build.0 = Debug|Any CPU
		{1F0F46E1-DF48-44EB-8A67-2C5EF384C4FC}.Release|Any CPU.ActiveCfg = Release|Any CPU
		{1F0F46E1-DF48-44EB-8A67-2C5EF384C4FC}.Release|Any CPU.Build.0 = Release|Any CPU
		{762F1198-E864-4F97-AC5C-D8169AF16E70}.Debug|Any CPU.ActiveCfg = Debug|Any CPU
		{762F1198-E864-4F97-AC5C-D8169AF16E70}.Debug|Any CPU.Build.0 = Debug|Any CPU
		{762F1198-E864-4F97-AC5C-D8169AF16E70}.Release|Any CPU.ActiveCfg = Release|Any CPU
		{762F1198-E864-4F97-AC5C-D8169AF16E70}.Release|Any CPU.Build.0 = Release|Any CPU
		{7EDB0D25-D877-4EF2-9293-F0674C38C825}.Debug|Any CPU.ActiveCfg = Debug|Any CPU
		{7EDB0D25-D877-4EF2-9293-F0674C38C825}.Debug|Any CPU.Build.0 = Debug|Any CPU
		{7EDB0D25-D877-4EF2-9293-F0674C38C825}.Release|Any CPU.ActiveCfg = Release|Any CPU
		{7EDB0D25-D877-4EF2-9293-F0674C38C825}.Release|Any CPU.Build.0 = Release|Any CPU
		{8162EB8C-E215-4008-9BD9-D3D873F2AE54}.Debug|Any CPU.ActiveCfg = Debug|Any CPU
		{8162EB8C-E215-4008-9BD9-D3D873F2AE54}.Debug|Any CPU.Build.0 = Debug|Any CPU
		{8162EB8C-E215-4008-9BD9-D3D873F2AE54}.Release|Any CPU.ActiveCfg = Release|Any CPU
		{8162EB8C-E215-4008-9BD9-D3D873F2AE54}.Release|Any CPU.Build.0 = Release|Any CPU
		{C82C106C-626A-484F-8AF6-80F0ACA3DDE7}.Debug|Any CPU.ActiveCfg = Debug|Any CPU
		{C82C106C-626A-484F-8AF6-80F0ACA3DDE7}.Debug|Any CPU.Build.0 = Debug|Any CPU
		{C82C106C-626A-484F-8AF6-80F0ACA3DDE7}.Release|Any CPU.ActiveCfg = Release|Any CPU
		{C82C106C-626A-484F-8AF6-80F0ACA3DDE7}.Release|Any CPU.Build.0 = Release|Any CPU
		{2570445F-A0A7-4AAE-A4E3-FDBD579A2DF6}.Debug|Any CPU.ActiveCfg = Debug|Any CPU
		{2570445F-A0A7-4AAE-A4E3-FDBD579A2DF6}.Debug|Any CPU.Build.0 = Debug|Any CPU
		{2570445F-A0A7-4AAE-A4E3-FDBD579A2DF6}.Release|Any CPU.ActiveCfg = Release|Any CPU
		{2570445F-A0A7-4AAE-A4E3-FDBD579A2DF6}.Release|Any CPU.Build.0 = Release|Any CPU
		{11565564-2B7E-4C03-B9A7-82C510F1D433}.Debug|Any CPU.ActiveCfg = Debug|Any CPU
		{11565564-2B7E-4C03-B9A7-82C510F1D433}.Debug|Any CPU.Build.0 = Debug|Any CPU
		{11565564-2B7E-4C03-B9A7-82C510F1D433}.Release|Any CPU.ActiveCfg = Release|Any CPU
		{11565564-2B7E-4C03-B9A7-82C510F1D433}.Release|Any CPU.Build.0 = Release|Any CPU
		{B9A63073-7FD5-4E41-9EB9-813FB09C7B4D}.Debug|Any CPU.ActiveCfg = Debug|Any CPU
		{B9A63073-7FD5-4E41-9EB9-813FB09C7B4D}.Debug|Any CPU.Build.0 = Debug|Any CPU
		{B9A63073-7FD5-4E41-9EB9-813FB09C7B4D}.Release|Any CPU.ActiveCfg = Release|Any CPU
		{B9A63073-7FD5-4E41-9EB9-813FB09C7B4D}.Release|Any CPU.Build.0 = Release|Any CPU
		{6FEDED42-ED0D-48A7-999B-DB11FA30EC84}.Debug|Any CPU.ActiveCfg = Debug|Any CPU
		{6FEDED42-ED0D-48A7-999B-DB11FA30EC84}.Debug|Any CPU.Build.0 = Debug|Any CPU
		{6FEDED42-ED0D-48A7-999B-DB11FA30EC84}.Release|Any CPU.ActiveCfg = Release|Any CPU
		{6FEDED42-ED0D-48A7-999B-DB11FA30EC84}.Release|Any CPU.Build.0 = Release|Any CPU
		{9951AA65-441F-4C87-A8BA-4FD697EE7238}.Debug|Any CPU.ActiveCfg = Debug|Any CPU
		{9951AA65-441F-4C87-A8BA-4FD697EE7238}.Debug|Any CPU.Build.0 = Debug|Any CPU
		{9951AA65-441F-4C87-A8BA-4FD697EE7238}.Release|Any CPU.ActiveCfg = Release|Any CPU
		{9951AA65-441F-4C87-A8BA-4FD697EE7238}.Release|Any CPU.Build.0 = Release|Any CPU
	EndGlobalSection
EndGlobal
